
Microsoft Visual Studio Solution File, Format Version 12.00
# Visual Studio Version 17
VisualStudioVersion = 17.6.33815.320
MinimumVisualStudioVersion = 10.0.40219.1
Project("{8BC9CEB8-8B4A-11D0-8D11-00A0C91BC942}") = "OpenImage", "OpenImage\OpenImage.vcxproj", "{74272F00-30CB-461D-B854-DBBD8C01EACB}"
EndProject
Project("{8BC9CEB8-8B4A-11D0-8D11-00A0C91BC942}") = "SaveImage", "SaveImage\SaveImage.vcxproj", "{0AE47EA6-25A7-4CEF-813A-9988DAF1F108}"
EndProject
Project("{8BC9CEB8-8B4A-11D0-8D11-00A0C91BC942}") = "EnvVariable", "EnvVariable\EnvVariable.vcxproj", "{FA74E85A-28B0-494D-8D1E-CECB41BF5C88}"
EndProject
Project("{8BC9CEB8-8B4A-11D0-8D11-00A0C91BC942}") = "VideoFile", "VideoFile\VideoFile.vcxproj", "{CA5844DA-1EE2-4935-B047-2B3B5449F043}"
EndProject
Project("{8BC9CEB8-8B4A-11D0-8D11-00A0C91BC942}") = "Camera", "Camera\Camera.vcxproj", "{9B697CE0-317B-4704-86BE-44EA12E68A94}"
EndProject
Project("{8BC9CEB8-8B4A-11D0-8D11-00A0C91BC942}") = "Sandbox", "Sandbox\Sandbox.vcxproj", "{C28E727D-679D-422C-B603-D8D350539D57}"
EndProject
Project("{2150E333-8FDC-42A3-9474-1A3956D46DE8}") = "a) First steps", "a) First steps", "{E7584DC1-1992-465E-80C6-9643A44B3EB4}"
EndProject
Project("{2150E333-8FDC-42A3-9474-1A3956D46DE8}") = "b) Data type", "b) Data type", "{11D166F1-CBB8-4711-B0D1-92177B389D90}"
EndProject
Project("{8BC9CEB8-8B4A-11D0-8D11-00A0C91BC942}") = "Mat_Constructors", "Mat_Constructors\Mat_Constructors.vcxproj", "{598779B0-5554-4747-A1DE-A3DCB6F8A793}"
EndProject
Project("{8BC9CEB8-8B4A-11D0-8D11-00A0C91BC942}") = "Mat_DeepCopies", "Mat_DeepCopies\Mat_DeepCopies.vcxproj", "{6B21CF8B-8A9E-4A09-A7B9-0EBDA169775D}"
EndProject
Project("{8BC9CEB8-8B4A-11D0-8D11-00A0C91BC942}") = "Mat_LoopPixelsAt", "Mat_LoopPixelsAt\Mat_LoopPixelsAt.vcxproj", "{9FA44294-0AFB-4E9E-AC75-8D81351CDBEA}"
EndProject
Project("{8BC9CEB8-8B4A-11D0-8D11-00A0C91BC942}") = "Mat_LoopPixelsPtr", "Mat_LoopPixelsPtr\Mat_LoopPixelsPtr.vcxproj", "{BEA0330D-3960-4C27-9D20-3A0D143D64A7}"
EndProject
Project("{8BC9CEB8-8B4A-11D0-8D11-00A0C91BC942}") = "Mat_PixelAccess", "Mat_PixelAccess\Mat_PixelAccess.vcxproj", "{8B4FB77F-8B37-44F8-A24E-8BC7A034EC44}"
EndProject
Project("{8BC9CEB8-8B4A-11D0-8D11-00A0C91BC942}") = "Mat_PixelAccessRGB", "Mat_PixelAccessRGB\Mat_PixelAccessRGB.vcxproj", "{AD1FCB81-ED2F-4F57-BAA0-38AB46141C03}"
EndProject
Project("{8BC9CEB8-8B4A-11D0-8D11-00A0C91BC942}") = "Mat_CopySubimage", "Mat_CopySubimage\Mat_CopySubimage.vcxproj", "{82337A60-0630-4C92-BEE5-DC05BACC750B}"
EndProject
Global
	GlobalSection(SolutionConfigurationPlatforms) = preSolution
		Debug|x64 = Debug|x64
		Debug|x86 = Debug|x86
		Release|x64 = Release|x64
		Release|x86 = Release|x86
	EndGlobalSection
	GlobalSection(ProjectConfigurationPlatforms) = postSolution
		{74272F00-30CB-461D-B854-DBBD8C01EACB}.Debug|x64.ActiveCfg = Debug|x64
		{74272F00-30CB-461D-B854-DBBD8C01EACB}.Debug|x64.Build.0 = Debug|x64
		{74272F00-30CB-461D-B854-DBBD8C01EACB}.Debug|x86.ActiveCfg = Debug|Win32
		{74272F00-30CB-461D-B854-DBBD8C01EACB}.Debug|x86.Build.0 = Debug|Win32
		{74272F00-30CB-461D-B854-DBBD8C01EACB}.Release|x64.ActiveCfg = Release|x64
		{74272F00-30CB-461D-B854-DBBD8C01EACB}.Release|x64.Build.0 = Release|x64
		{74272F00-30CB-461D-B854-DBBD8C01EACB}.Release|x86.ActiveCfg = Release|Win32
		{74272F00-30CB-461D-B854-DBBD8C01EACB}.Release|x86.Build.0 = Release|Win32
		{0AE47EA6-25A7-4CEF-813A-9988DAF1F108}.Debug|x64.ActiveCfg = Debug|x64
		{0AE47EA6-25A7-4CEF-813A-9988DAF1F108}.Debug|x64.Build.0 = Debug|x64
		{0AE47EA6-25A7-4CEF-813A-9988DAF1F108}.Debug|x86.ActiveCfg = Debug|Win32
		{0AE47EA6-25A7-4CEF-813A-9988DAF1F108}.Debug|x86.Build.0 = Debug|Win32
		{0AE47EA6-25A7-4CEF-813A-9988DAF1F108}.Release|x64.ActiveCfg = Release|x64
		{0AE47EA6-25A7-4CEF-813A-9988DAF1F108}.Release|x64.Build.0 = Release|x64
		{0AE47EA6-25A7-4CEF-813A-9988DAF1F108}.Release|x86.ActiveCfg = Release|Win32
		{0AE47EA6-25A7-4CEF-813A-9988DAF1F108}.Release|x86.Build.0 = Release|Win32
		{FA74E85A-28B0-494D-8D1E-CECB41BF5C88}.Debug|x64.ActiveCfg = Debug|x64
		{FA74E85A-28B0-494D-8D1E-CECB41BF5C88}.Debug|x64.Build.0 = Debug|x64
		{FA74E85A-28B0-494D-8D1E-CECB41BF5C88}.Debug|x86.ActiveCfg = Debug|Win32
		{FA74E85A-28B0-494D-8D1E-CECB41BF5C88}.Debug|x86.Build.0 = Debug|Win32
		{FA74E85A-28B0-494D-8D1E-CECB41BF5C88}.Release|x64.ActiveCfg = Release|x64
		{FA74E85A-28B0-494D-8D1E-CECB41BF5C88}.Release|x64.Build.0 = Release|x64
		{FA74E85A-28B0-494D-8D1E-CECB41BF5C88}.Release|x86.ActiveCfg = Release|Win32
		{FA74E85A-28B0-494D-8D1E-CECB41BF5C88}.Release|x86.Build.0 = Release|Win32
		{CA5844DA-1EE2-4935-B047-2B3B5449F043}.Debug|x64.ActiveCfg = Debug|x64
		{CA5844DA-1EE2-4935-B047-2B3B5449F043}.Debug|x64.Build.0 = Debug|x64
		{CA5844DA-1EE2-4935-B047-2B3B5449F043}.Debug|x86.ActiveCfg = Debug|Win32
		{CA5844DA-1EE2-4935-B047-2B3B5449F043}.Debug|x86.Build.0 = Debug|Win32
		{CA5844DA-1EE2-4935-B047-2B3B5449F043}.Release|x64.ActiveCfg = Release|x64
		{CA5844DA-1EE2-4935-B047-2B3B5449F043}.Release|x64.Build.0 = Release|x64
		{CA5844DA-1EE2-4935-B047-2B3B5449F043}.Release|x86.ActiveCfg = Release|Win32
		{CA5844DA-1EE2-4935-B047-2B3B5449F043}.Release|x86.Build.0 = Release|Win32
		{9B697CE0-317B-4704-86BE-44EA12E68A94}.Debug|x64.ActiveCfg = Debug|x64
		{9B697CE0-317B-4704-86BE-44EA12E68A94}.Debug|x64.Build.0 = Debug|x64
		{9B697CE0-317B-4704-86BE-44EA12E68A94}.Debug|x86.ActiveCfg = Debug|Win32
		{9B697CE0-317B-4704-86BE-44EA12E68A94}.Debug|x86.Build.0 = Debug|Win32
		{9B697CE0-317B-4704-86BE-44EA12E68A94}.Release|x64.ActiveCfg = Release|x64
		{9B697CE0-317B-4704-86BE-44EA12E68A94}.Release|x64.Build.0 = Release|x64
		{9B697CE0-317B-4704-86BE-44EA12E68A94}.Release|x86.ActiveCfg = Release|Win32
		{9B697CE0-317B-4704-86BE-44EA12E68A94}.Release|x86.Build.0 = Release|Win32
		{C28E727D-679D-422C-B603-D8D350539D57}.Debug|x64.ActiveCfg = Debug|x64
		{C28E727D-679D-422C-B603-D8D350539D57}.Debug|x64.Build.0 = Debug|x64
		{C28E727D-679D-422C-B603-D8D350539D57}.Debug|x86.ActiveCfg = Debug|Win32
		{C28E727D-679D-422C-B603-D8D350539D57}.Debug|x86.Build.0 = Debug|Win32
		{C28E727D-679D-422C-B603-D8D350539D57}.Release|x64.ActiveCfg = Release|x64
		{C28E727D-679D-422C-B603-D8D350539D57}.Release|x64.Build.0 = Release|x64
		{C28E727D-679D-422C-B603-D8D350539D57}.Release|x86.ActiveCfg = Release|Win32
		{C28E727D-679D-422C-B603-D8D350539D57}.Release|x86.Build.0 = Release|Win32
		{598779B0-5554-4747-A1DE-A3DCB6F8A793}.Debug|x64.ActiveCfg = Debug|x64
		{598779B0-5554-4747-A1DE-A3DCB6F8A793}.Debug|x64.Build.0 = Debug|x64
		{598779B0-5554-4747-A1DE-A3DCB6F8A793}.Debug|x86.ActiveCfg = Debug|Win32
		{598779B0-5554-4747-A1DE-A3DCB6F8A793}.Debug|x86.Build.0 = Debug|Win32
		{598779B0-5554-4747-A1DE-A3DCB6F8A793}.Release|x64.ActiveCfg = Release|x64
		{598779B0-5554-4747-A1DE-A3DCB6F8A793}.Release|x64.Build.0 = Release|x64
		{598779B0-5554-4747-A1DE-A3DCB6F8A793}.Release|x86.ActiveCfg = Release|Win32
		{598779B0-5554-4747-A1DE-A3DCB6F8A793}.Release|x86.Build.0 = Release|Win32
		{6B21CF8B-8A9E-4A09-A7B9-0EBDA169775D}.Debug|x64.ActiveCfg = Debug|x64
		{6B21CF8B-8A9E-4A09-A7B9-0EBDA169775D}.Debug|x64.Build.0 = Debug|x64
		{6B21CF8B-8A9E-4A09-A7B9-0EBDA169775D}.Debug|x86.ActiveCfg = Debug|Win32
		{6B21CF8B-8A9E-4A09-A7B9-0EBDA169775D}.Debug|x86.Build.0 = Debug|Win32
		{6B21CF8B-8A9E-4A09-A7B9-0EBDA169775D}.Release|x64.ActiveCfg = Release|x64
		{6B21CF8B-8A9E-4A09-A7B9-0EBDA169775D}.Release|x64.Build.0 = Release|x64
		{6B21CF8B-8A9E-4A09-A7B9-0EBDA169775D}.Release|x86.ActiveCfg = Release|Win32
		{6B21CF8B-8A9E-4A09-A7B9-0EBDA169775D}.Release|x86.Build.0 = Release|Win32
		{9FA44294-0AFB-4E9E-AC75-8D81351CDBEA}.Debug|x64.ActiveCfg = Debug|x64
		{9FA44294-0AFB-4E9E-AC75-8D81351CDBEA}.Debug|x64.Build.0 = Debug|x64
		{9FA44294-0AFB-4E9E-AC75-8D81351CDBEA}.Debug|x86.ActiveCfg = Debug|Win32
		{9FA44294-0AFB-4E9E-AC75-8D81351CDBEA}.Debug|x86.Build.0 = Debug|Win32
		{9FA44294-0AFB-4E9E-AC75-8D81351CDBEA}.Release|x64.ActiveCfg = Release|x64
		{9FA44294-0AFB-4E9E-AC75-8D81351CDBEA}.Release|x64.Build.0 = Release|x64
		{9FA44294-0AFB-4E9E-AC75-8D81351CDBEA}.Release|x86.ActiveCfg = Release|Win32
		{9FA44294-0AFB-4E9E-AC75-8D81351CDBEA}.Release|x86.Build.0 = Release|Win32
		{BEA0330D-3960-4C27-9D20-3A0D143D64A7}.Debug|x64.ActiveCfg = Debug|x64
		{BEA0330D-3960-4C27-9D20-3A0D143D64A7}.Debug|x64.Build.0 = Debug|x64
		{BEA0330D-3960-4C27-9D20-3A0D143D64A7}.Debug|x86.ActiveCfg = Debug|Win32
		{BEA0330D-3960-4C27-9D20-3A0D143D64A7}.Debug|x86.Build.0 = Debug|Win32
		{BEA0330D-3960-4C27-9D20-3A0D143D64A7}.Release|x64.ActiveCfg = Release|x64
		{BEA0330D-3960-4C27-9D20-3A0D143D64A7}.Release|x64.Build.0 = Release|x64
		{BEA0330D-3960-4C27-9D20-3A0D143D64A7}.Release|x86.ActiveCfg = Release|Win32
		{BEA0330D-3960-4C27-9D20-3A0D143D64A7}.Release|x86.Build.0 = Release|Win32
		{8B4FB77F-8B37-44F8-A24E-8BC7A034EC44}.Debug|x64.ActiveCfg = Debug|x64
		{8B4FB77F-8B37-44F8-A24E-8BC7A034EC44}.Debug|x64.Build.0 = Debug|x64
		{8B4FB77F-8B37-44F8-A24E-8BC7A034EC44}.Debug|x86.ActiveCfg = Debug|Win32
		{8B4FB77F-8B37-44F8-A24E-8BC7A034EC44}.Debug|x86.Build.0 = Debug|Win32
		{8B4FB77F-8B37-44F8-A24E-8BC7A034EC44}.Release|x64.ActiveCfg = Release|x64
		{8B4FB77F-8B37-44F8-A24E-8BC7A034EC44}.Release|x64.Build.0 = Release|x64
		{8B4FB77F-8B37-44F8-A24E-8BC7A034EC44}.Release|x86.ActiveCfg = Release|Win32
		{8B4FB77F-8B37-44F8-A24E-8BC7A034EC44}.Release|x86.Build.0 = Release|Win32
		{AD1FCB81-ED2F-4F57-BAA0-38AB46141C03}.Debug|x64.ActiveCfg = Debug|x64
		{AD1FCB81-ED2F-4F57-BAA0-38AB46141C03}.Debug|x64.Build.0 = Debug|x64
		{AD1FCB81-ED2F-4F57-BAA0-38AB46141C03}.Debug|x86.ActiveCfg = Debug|Win32
		{AD1FCB81-ED2F-4F57-BAA0-38AB46141C03}.Debug|x86.Build.0 = Debug|Win32
		{AD1FCB81-ED2F-4F57-BAA0-38AB46141C03}.Release|x64.ActiveCfg = Release|x64
		{AD1FCB81-ED2F-4F57-BAA0-38AB46141C03}.Release|x64.Build.0 = Release|x64
		{AD1FCB81-ED2F-4F57-BAA0-38AB46141C03}.Release|x86.ActiveCfg = Release|Win32
		{AD1FCB81-ED2F-4F57-BAA0-38AB46141C03}.Release|x86.Build.0 = Release|Win32
		{82337A60-0630-4C92-BEE5-DC05BACC750B}.Debug|x64.ActiveCfg = Debug|x64
		{82337A60-0630-4C92-BEE5-DC05BACC750B}.Debug|x64.Build.0 = Debug|x64
		{82337A60-0630-4C92-BEE5-DC05BACC750B}.Debug|x86.ActiveCfg = Debug|Win32
		{82337A60-0630-4C92-BEE5-DC05BACC750B}.Debug|x86.Build.0 = Debug|Win32
		{82337A60-0630-4C92-BEE5-DC05BACC750B}.Release|x64.ActiveCfg = Release|x64
		{82337A60-0630-4C92-BEE5-DC05BACC750B}.Release|x64.Build.0 = Release|x64
		{82337A60-0630-4C92-BEE5-DC05BACC750B}.Release|x86.ActiveCfg = Release|Win32
		{82337A60-0630-4C92-BEE5-DC05BACC750B}.Release|x86.Build.0 = Release|Win32
	EndGlobalSection
	GlobalSection(SolutionProperties) = preSolution
		HideSolutionNode = FALSE
	EndGlobalSection
	GlobalSection(NestedProjects) = preSolution
		{74272F00-30CB-461D-B854-DBBD8C01EACB} = {E7584DC1-1992-465E-80C6-9643A44B3EB4}
		{0AE47EA6-25A7-4CEF-813A-9988DAF1F108} = {E7584DC1-1992-465E-80C6-9643A44B3EB4}
		{FA74E85A-28B0-494D-8D1E-CECB41BF5C88} = {E7584DC1-1992-465E-80C6-9643A44B3EB4}
		{CA5844DA-1EE2-4935-B047-2B3B5449F043} = {E7584DC1-1992-465E-80C6-9643A44B3EB4}
		{9B697CE0-317B-4704-86BE-44EA12E68A94} = {E7584DC1-1992-465E-80C6-9643A44B3EB4}
		{598779B0-5554-4747-A1DE-A3DCB6F8A793} = {11D166F1-CBB8-4711-B0D1-92177B389D90}
		{6B21CF8B-8A9E-4A09-A7B9-0EBDA169775D} = {11D166F1-CBB8-4711-B0D1-92177B389D90}
		{9FA44294-0AFB-4E9E-AC75-8D81351CDBEA} = {11D166F1-CBB8-4711-B0D1-92177B389D90}
		{BEA0330D-3960-4C27-9D20-3A0D143D64A7} = {11D166F1-CBB8-4711-B0D1-92177B389D90}
		{8B4FB77F-8B37-44F8-A24E-8BC7A034EC44} = {11D166F1-CBB8-4711-B0D1-92177B389D90}
		{AD1FCB81-ED2F-4F57-BAA0-38AB46141C03} = {11D166F1-CBB8-4711-B0D1-92177B389D90}
		{82337A60-0630-4C92-BEE5-DC05BACC750B} = {11D166F1-CBB8-4711-B0D1-92177B389D90}
	EndGlobalSection
	GlobalSection(ExtensibilityGlobals) = postSolution
		SolutionGuid = {90F3C28D-EFFA-4A19-B494-A65ED8A70AB3}
	EndGlobalSection
EndGlobal
