
Microsoft Visual Studio Solution File, Format Version 12.00
# Visual Studio Version 16
VisualStudioVersion = 16.0.31205.134
MinimumVisualStudioVersion = 10.0.40219.1
Project("{8BC9CEB8-8B4A-11D0-8D11-00A0C91BC942}") = "Sandbox", "Sandbox\Sandbox.vcxproj", "{0B532272-2756-41BC-9F42-8BC59B4080CD}"
EndProject
Project("{8BC9CEB8-8B4A-11D0-8D11-00A0C91BC942}") = "Transformations", "Transformations\Transformations.vcxproj", "{B6E19600-7D57-4D27-8A51-B136F19235DB}"
EndProject
Project("{8BC9CEB8-8B4A-11D0-8D11-00A0C91BC942}") = "Shared", "Shared\Shared.vcxitems", "{E9430C2C-27CA-49CC-A0B9-5129BBAB5B68}"
EndProject
Project("{8BC9CEB8-8B4A-11D0-8D11-00A0C91BC942}") = "Image restoration", "Image restoration\Image restoration.vcxproj", "{5DDB149A-E344-4170-8559-031AF9805179}"
EndProject
Project("{8BC9CEB8-8B4A-11D0-8D11-00A0C91BC942}") = "Linear filters", "Linear filters\Linear filters.vcxproj", "{05AFCB7D-685A-4602-9DB7-1216DC25E603}"
EndProject
Global
	GlobalSection(SharedMSBuildProjectFiles) = preSolution
		Shared\Shared.vcxitems*{05afcb7d-685a-4602-9db7-1216dc25e603}*SharedItemsImports = 4
		Shared\Shared.vcxitems*{0b532272-2756-41bc-9f42-8bc59b4080cd}*SharedItemsImports = 4
		Shared\Shared.vcxitems*{5ddb149a-e344-4170-8559-031af9805179}*SharedItemsImports = 4
		Shared\Shared.vcxitems*{b6e19600-7d57-4d27-8a51-b136f19235db}*SharedItemsImports = 4
		Shared\Shared.vcxitems*{e9430c2c-27ca-49cc-a0b9-5129bbab5b68}*SharedItemsImports = 9
	EndGlobalSection
	GlobalSection(SolutionConfigurationPlatforms) = preSolution
		Debug|x64 = Debug|x64
		Debug|x86 = Debug|x86
		Release|x64 = Release|x64
		Release|x86 = Release|x86
	EndGlobalSection
	GlobalSection(ProjectConfigurationPlatforms) = postSolution
		{0B532272-2756-41BC-9F42-8BC59B4080CD}.Debug|x64.ActiveCfg = Debug|x64
		{0B532272-2756-41BC-9F42-8BC59B4080CD}.Debug|x64.Build.0 = Debug|x64
		{0B532272-2756-41BC-9F42-8BC59B4080CD}.Debug|x86.ActiveCfg = Debug|Win32
		{0B532272-2756-41BC-9F42-8BC59B4080CD}.Debug|x86.Build.0 = Debug|Win32
		{0B532272-2756-41BC-9F42-8BC59B4080CD}.Release|x64.ActiveCfg = Release|x64
		{0B532272-2756-41BC-9F42-8BC59B4080CD}.Release|x64.Build.0 = Release|x64
		{0B532272-2756-41BC-9F42-8BC59B4080CD}.Release|x86.ActiveCfg = Release|Win32
		{0B532272-2756-41BC-9F42-8BC59B4080CD}.Release|x86.Build.0 = Release|Win32
		{B6E19600-7D57-4D27-8A51-B136F19235DB}.Debug|x64.ActiveCfg = Debug|x64
		{B6E19600-7D57-4D27-8A51-B136F19235DB}.Debug|x64.Build.0 = Debug|x64
		{B6E19600-7D57-4D27-8A51-B136F19235DB}.Debug|x86.ActiveCfg = Debug|Win32
		{B6E19600-7D57-4D27-8A51-B136F19235DB}.Debug|x86.Build.0 = Debug|Win32
		{B6E19600-7D57-4D27-8A51-B136F19235DB}.Release|x64.ActiveCfg = Release|x64
		{B6E19600-7D57-4D27-8A51-B136F19235DB}.Release|x64.Build.0 = Release|x64
		{B6E19600-7D57-4D27-8A51-B136F19235DB}.Release|x86.ActiveCfg = Release|Win32
		{B6E19600-7D57-4D27-8A51-B136F19235DB}.Release|x86.Build.0 = Release|Win32
		{5DDB149A-E344-4170-8559-031AF9805179}.Debug|x64.ActiveCfg = Debug|x64
		{5DDB149A-E344-4170-8559-031AF9805179}.Debug|x64.Build.0 = Debug|x64
		{5DDB149A-E344-4170-8559-031AF9805179}.Debug|x86.ActiveCfg = Debug|Win32
		{5DDB149A-E344-4170-8559-031AF9805179}.Debug|x86.Build.0 = Debug|Win32
		{5DDB149A-E344-4170-8559-031AF9805179}.Release|x64.ActiveCfg = Release|x64
		{5DDB149A-E344-4170-8559-031AF9805179}.Release|x64.Build.0 = Release|x64
		{5DDB149A-E344-4170-8559-031AF9805179}.Release|x86.ActiveCfg = Release|Win32
		{5DDB149A-E344-4170-8559-031AF9805179}.Release|x86.Build.0 = Release|Win32
		{05AFCB7D-685A-4602-9DB7-1216DC25E603}.Debug|x64.ActiveCfg = Debug|x64
		{05AFCB7D-685A-4602-9DB7-1216DC25E603}.Debug|x64.Build.0 = Debug|x64
		{05AFCB7D-685A-4602-9DB7-1216DC25E603}.Debug|x86.ActiveCfg = Debug|Win32
		{05AFCB7D-685A-4602-9DB7-1216DC25E603}.Debug|x86.Build.0 = Debug|Win32
		{05AFCB7D-685A-4602-9DB7-1216DC25E603}.Release|x64.ActiveCfg = Release|x64
		{05AFCB7D-685A-4602-9DB7-1216DC25E603}.Release|x64.Build.0 = Release|x64
		{05AFCB7D-685A-4602-9DB7-1216DC25E603}.Release|x86.ActiveCfg = Release|Win32
		{05AFCB7D-685A-4602-9DB7-1216DC25E603}.Release|x86.Build.0 = Release|Win32
	EndGlobalSection
	GlobalSection(SolutionProperties) = preSolution
		HideSolutionNode = FALSE
	EndGlobalSection
	GlobalSection(ExtensibilityGlobals) = postSolution
		SolutionGuid = {5BE2B746-52A1-4576-A9D1-26C2A1D35A21}
	EndGlobalSection
EndGlobal
