
Microsoft Visual Studio Solution File, Format Version 12.00
# Visual Studio Version 17
VisualStudioVersion = 17.6.33815.320
MinimumVisualStudioVersion = 10.0.40219.1
Project("{8BC9CEB8-8B4A-11D0-8D11-00A0C91BC942}") = "FloodFill", "FloodFill\FloodFill.vcxproj", "{858A6C4E-F8DD-44E6-AE5E-4571965D5F0B}"
EndProject
Project("{8BC9CEB8-8B4A-11D0-8D11-00A0C91BC942}") = "Sandbox", "Sandbox\Sandbox.vcxproj", "{A478488A-BCF1-4F3B-A7E8-0B505E20D9C1}"
EndProject
Project("{8BC9CEB8-8B4A-11D0-8D11-00A0C91BC942}") = "MorphContour", "MorphContour\MorphContour.vcxproj", "{0EC8CFEE-D11A-46BD-B6DB-3E8697094E60}"
EndProject
Project("{8BC9CEB8-8B4A-11D0-8D11-00A0C91BC942}") = "FloodFill_CV", "FloodFill_CV\FloodFill_CV.vcxproj", "{324F877E-1787-4ED6-B73E-06DB4C9DC74F}"
EndProject
Project("{8BC9CEB8-8B4A-11D0-8D11-00A0C91BC942}") = "Shared", "Shared\Shared.vcxitems", "{5B324CD5-2E90-40BC-A0C8-4F6E93BBB56A}"
EndProject
Project("{8BC9CEB8-8B4A-11D0-8D11-00A0C91BC942}") = "BlobDetection_CV", "BlobDetection_CV\BlobDetection_CV.vcxproj", "{456F293F-CEDB-4E52-A8AD-E403E735D82B}"
EndProject
Project("{2150E333-8FDC-42A3-9474-1A3956D46DE8}") = "1 Region labeling", "1 Region labeling", "{156A3B78-1429-4116-BCC7-70B624B2DA37}"
EndProject
Project("{2150E333-8FDC-42A3-9474-1A3956D46DE8}") = "2 Contours", "2 Contours", "{69FFE854-BA81-4899-AAD1-B25F655F1395}"
EndProject
Project("{8BC9CEB8-8B4A-11D0-8D11-00A0C91BC942}") = "Contours_CV", "Contours_CV\Contours_CV.vcxproj", "{B8A49718-13AD-47C8-AED0-297DF37196D2}"
EndProject
Project("{2150E333-8FDC-42A3-9474-1A3956D46DE8}") = "3 Features", "3 Features", "{F6BF7F7B-4C7C-4455-A2F5-8E10532A855A}"
EndProject
Project("{8BC9CEB8-8B4A-11D0-8D11-00A0C91BC942}") = "BlobFeatures", "BlobFeatures\BlobFeatures.vcxproj", "{91A1D565-07C0-41D3-89F3-EE81524741CA}"
EndProject
Global
	GlobalSection(SolutionConfigurationPlatforms) = preSolution
		Debug|x64 = Debug|x64
		Debug|x86 = Debug|x86
		Release|x64 = Release|x64
		Release|x86 = Release|x86
	EndGlobalSection
	GlobalSection(ProjectConfigurationPlatforms) = postSolution
		{858A6C4E-F8DD-44E6-AE5E-4571965D5F0B}.Debug|x64.ActiveCfg = Debug|x64
		{858A6C4E-F8DD-44E6-AE5E-4571965D5F0B}.Debug|x64.Build.0 = Debug|x64
		{858A6C4E-F8DD-44E6-AE5E-4571965D5F0B}.Debug|x86.ActiveCfg = Debug|Win32
		{858A6C4E-F8DD-44E6-AE5E-4571965D5F0B}.Debug|x86.Build.0 = Debug|Win32
		{858A6C4E-F8DD-44E6-AE5E-4571965D5F0B}.Release|x64.ActiveCfg = Release|x64
		{858A6C4E-F8DD-44E6-AE5E-4571965D5F0B}.Release|x64.Build.0 = Release|x64
		{858A6C4E-F8DD-44E6-AE5E-4571965D5F0B}.Release|x86.ActiveCfg = Release|Win32
		{858A6C4E-F8DD-44E6-AE5E-4571965D5F0B}.Release|x86.Build.0 = Release|Win32
		{A478488A-BCF1-4F3B-A7E8-0B505E20D9C1}.Debug|x64.ActiveCfg = Debug|x64
		{A478488A-BCF1-4F3B-A7E8-0B505E20D9C1}.Debug|x64.Build.0 = Debug|x64
		{A478488A-BCF1-4F3B-A7E8-0B505E20D9C1}.Debug|x86.ActiveCfg = Debug|Win32
		{A478488A-BCF1-4F3B-A7E8-0B505E20D9C1}.Debug|x86.Build.0 = Debug|Win32
		{A478488A-BCF1-4F3B-A7E8-0B505E20D9C1}.Release|x64.ActiveCfg = Release|x64
		{A478488A-BCF1-4F3B-A7E8-0B505E20D9C1}.Release|x64.Build.0 = Release|x64
		{A478488A-BCF1-4F3B-A7E8-0B505E20D9C1}.Release|x86.ActiveCfg = Release|Win32
		{A478488A-BCF1-4F3B-A7E8-0B505E20D9C1}.Release|x86.Build.0 = Release|Win32
		{0EC8CFEE-D11A-46BD-B6DB-3E8697094E60}.Debug|x64.ActiveCfg = Debug|x64
		{0EC8CFEE-D11A-46BD-B6DB-3E8697094E60}.Debug|x64.Build.0 = Debug|x64
		{0EC8CFEE-D11A-46BD-B6DB-3E8697094E60}.Debug|x86.ActiveCfg = Debug|Win32
		{0EC8CFEE-D11A-46BD-B6DB-3E8697094E60}.Debug|x86.Build.0 = Debug|Win32
		{0EC8CFEE-D11A-46BD-B6DB-3E8697094E60}.Release|x64.ActiveCfg = Release|x64
		{0EC8CFEE-D11A-46BD-B6DB-3E8697094E60}.Release|x64.Build.0 = Release|x64
		{0EC8CFEE-D11A-46BD-B6DB-3E8697094E60}.Release|x86.ActiveCfg = Release|Win32
		{0EC8CFEE-D11A-46BD-B6DB-3E8697094E60}.Release|x86.Build.0 = Release|Win32
		{324F877E-1787-4ED6-B73E-06DB4C9DC74F}.Debug|x64.ActiveCfg = Debug|x64
		{324F877E-1787-4ED6-B73E-06DB4C9DC74F}.Debug|x64.Build.0 = Debug|x64
		{324F877E-1787-4ED6-B73E-06DB4C9DC74F}.Debug|x86.ActiveCfg = Debug|Win32
		{324F877E-1787-4ED6-B73E-06DB4C9DC74F}.Debug|x86.Build.0 = Debug|Win32
		{324F877E-1787-4ED6-B73E-06DB4C9DC74F}.Release|x64.ActiveCfg = Release|x64
		{324F877E-1787-4ED6-B73E-06DB4C9DC74F}.Release|x64.Build.0 = Release|x64
		{324F877E-1787-4ED6-B73E-06DB4C9DC74F}.Release|x86.ActiveCfg = Release|Win32
		{324F877E-1787-4ED6-B73E-06DB4C9DC74F}.Release|x86.Build.0 = Release|Win32
		{456F293F-CEDB-4E52-A8AD-E403E735D82B}.Debug|x64.ActiveCfg = Debug|x64
		{456F293F-CEDB-4E52-A8AD-E403E735D82B}.Debug|x64.Build.0 = Debug|x64
		{456F293F-CEDB-4E52-A8AD-E403E735D82B}.Debug|x86.ActiveCfg = Debug|Win32
		{456F293F-CEDB-4E52-A8AD-E403E735D82B}.Debug|x86.Build.0 = Debug|Win32
		{456F293F-CEDB-4E52-A8AD-E403E735D82B}.Release|x64.ActiveCfg = Release|x64
		{456F293F-CEDB-4E52-A8AD-E403E735D82B}.Release|x64.Build.0 = Release|x64
		{456F293F-CEDB-4E52-A8AD-E403E735D82B}.Release|x86.ActiveCfg = Release|Win32
		{456F293F-CEDB-4E52-A8AD-E403E735D82B}.Release|x86.Build.0 = Release|Win32
		{B8A49718-13AD-47C8-AED0-297DF37196D2}.Debug|x64.ActiveCfg = Debug|x64
		{B8A49718-13AD-47C8-AED0-297DF37196D2}.Debug|x64.Build.0 = Debug|x64
		{B8A49718-13AD-47C8-AED0-297DF37196D2}.Debug|x86.ActiveCfg = Debug|Win32
		{B8A49718-13AD-47C8-AED0-297DF37196D2}.Debug|x86.Build.0 = Debug|Win32
		{B8A49718-13AD-47C8-AED0-297DF37196D2}.Release|x64.ActiveCfg = Release|x64
		{B8A49718-13AD-47C8-AED0-297DF37196D2}.Release|x64.Build.0 = Release|x64
		{B8A49718-13AD-47C8-AED0-297DF37196D2}.Release|x86.ActiveCfg = Release|Win32
		{B8A49718-13AD-47C8-AED0-297DF37196D2}.Release|x86.Build.0 = Release|Win32
		{91A1D565-07C0-41D3-89F3-EE81524741CA}.Debug|x64.ActiveCfg = Debug|x64
		{91A1D565-07C0-41D3-89F3-EE81524741CA}.Debug|x64.Build.0 = Debug|x64
		{91A1D565-07C0-41D3-89F3-EE81524741CA}.Debug|x86.ActiveCfg = Debug|Win32
		{91A1D565-07C0-41D3-89F3-EE81524741CA}.Debug|x86.Build.0 = Debug|Win32
		{91A1D565-07C0-41D3-89F3-EE81524741CA}.Release|x64.ActiveCfg = Release|x64
		{91A1D565-07C0-41D3-89F3-EE81524741CA}.Release|x64.Build.0 = Release|x64
		{91A1D565-07C0-41D3-89F3-EE81524741CA}.Release|x86.ActiveCfg = Release|Win32
		{91A1D565-07C0-41D3-89F3-EE81524741CA}.Release|x86.Build.0 = Release|Win32
	EndGlobalSection
	GlobalSection(SolutionProperties) = preSolution
		HideSolutionNode = FALSE
	EndGlobalSection
	GlobalSection(NestedProjects) = preSolution
		{858A6C4E-F8DD-44E6-AE5E-4571965D5F0B} = {156A3B78-1429-4116-BCC7-70B624B2DA37}
		{0EC8CFEE-D11A-46BD-B6DB-3E8697094E60} = {69FFE854-BA81-4899-AAD1-B25F655F1395}
		{324F877E-1787-4ED6-B73E-06DB4C9DC74F} = {156A3B78-1429-4116-BCC7-70B624B2DA37}
		{456F293F-CEDB-4E52-A8AD-E403E735D82B} = {F6BF7F7B-4C7C-4455-A2F5-8E10532A855A}
		{B8A49718-13AD-47C8-AED0-297DF37196D2} = {69FFE854-BA81-4899-AAD1-B25F655F1395}
		{91A1D565-07C0-41D3-89F3-EE81524741CA} = {F6BF7F7B-4C7C-4455-A2F5-8E10532A855A}
	EndGlobalSection
	GlobalSection(ExtensibilityGlobals) = postSolution
		SolutionGuid = {4F104E73-AC66-4DB3-8B59-BCAD14C6B7AC}
	EndGlobalSection
	GlobalSection(SharedMSBuildProjectFiles) = preSolution
		Shared\Shared.vcxitems*{5b324cd5-2e90-40bc-a0c8-4f6e93bbb56a}*SharedItemsImports = 9
		Shared\Shared.vcxitems*{858a6c4e-f8dd-44e6-ae5e-4571965d5f0b}*SharedItemsImports = 4
		Shared\Shared.vcxitems*{91a1d565-07c0-41d3-89f3-ee81524741ca}*SharedItemsImports = 4
	EndGlobalSection
EndGlobal
