
Microsoft Visual Studio Solution File, Format Version 12.00
# Visual Studio Version 17
VisualStudioVersion = 17.6.33815.320
MinimumVisualStudioVersion = 10.0.40219.1
Project("{8BC9CEB8-8B4A-11D0-8D11-00A0C91BC942}") = "InvertImage", "InvertImage\InvertImage.vcxproj", "{70B40B3F-E1DC-44D3-B7D6-F867B798E43C}"
EndProject
Project("{8BC9CEB8-8B4A-11D0-8D11-00A0C91BC942}") = "InvertByLUT", "InvertByLUT\InvertByLUT.vcxproj", "{A8326CAB-9714-4779-8241-2F3522866CC9}"
EndProject
Project("{8BC9CEB8-8B4A-11D0-8D11-00A0C91BC942}") = "CalcHistogram", "CalcHistogram\CalcHistogram.vcxproj", "{DE2F05A9-F7C7-4082-96CF-9BF648E9F1D7}"
EndProject
Project("{8BC9CEB8-8B4A-11D0-8D11-00A0C91BC942}") = "DisplayHistogram", "DisplayHistogram\DisplayHistogram.vcxproj", "{666FAE37-D909-4CBD-A42C-59AD17E76C08}"
EndProject
Project("{8BC9CEB8-8B4A-11D0-8D11-00A0C91BC942}") = "SameHistogram", "SameHistogram\SameHistogram.vcxproj", "{D1CAB9F6-1FE8-4E6A-99C9-216B3D1A44A2}"
EndProject
Project("{8BC9CEB8-8B4A-11D0-8D11-00A0C91BC942}") = "MaxContrast", "MaxContrast\MaxContrast.vcxproj", "{F0C50101-4B9A-42FE-B770-BAAB04151BED}"
EndProject
Project("{8BC9CEB8-8B4A-11D0-8D11-00A0C91BC942}") = "HistoEqualization", "HistoEqualization\HistoEqualization.vcxproj", "{AA408284-F606-4417-91D6-9D7E13D88822}"
EndProject
Project("{8BC9CEB8-8B4A-11D0-8D11-00A0C91BC942}") = "Sandbox", "Sandbox\Sandbox.vcxproj", "{80340AEC-8C5D-444E-92B5-4999391F0284}"
EndProject
Project("{8BC9CEB8-8B4A-11D0-8D11-00A0C91BC942}") = "InvertByLutCV", "InvertByLutCV\InvertByLutCV.vcxproj", "{4F66B936-B469-4C50-8B45-8260B7279CBB}"
EndProject
Project("{8BC9CEB8-8B4A-11D0-8D11-00A0C91BC942}") = "Mat_PixelAccess", "Mat_PixelAccess\Mat_PixelAccess.vcxproj", "{8B4FB77F-8B37-44F8-A24E-8BC7A034EC44}"
EndProject
Project("{8BC9CEB8-8B4A-11D0-8D11-00A0C91BC942}") = "Mat_Constructors", "Mat_Constructors\Mat_Constructors.vcxproj", "{598779B0-5554-4747-A1DE-A3DCB6F8A793}"
EndProject
Project("{8BC9CEB8-8B4A-11D0-8D11-00A0C91BC942}") = "Mat_PixelAccessRGB", "Mat_PixelAccessRGB\Mat_PixelAccessRGB.vcxproj", "{AD1FCB81-ED2F-4F57-BAA0-38AB46141C03}"
EndProject
Project("{8BC9CEB8-8B4A-11D0-8D11-00A0C91BC942}") = "Mat_DeepCopies", "Mat_DeepCopies\Mat_DeepCopies.vcxproj", "{6B21CF8B-8A9E-4A09-A7B9-0EBDA169775D}"
EndProject
Project("{8BC9CEB8-8B4A-11D0-8D11-00A0C91BC942}") = "InvertImageRGB", "InvertImageRGB\InvertImageRGB.vcxproj", "{C9308FC0-0B7C-417B-B43A-A1D5904B9429}"
EndProject
Project("{8BC9CEB8-8B4A-11D0-8D11-00A0C91BC942}") = "Mat_LoopPixelsAt", "Mat_LoopPixelsAt\Mat_LoopPixelsAt.vcxproj", "{9FA44294-0AFB-4E9E-AC75-8D81351CDBEA}"
EndProject
Project("{8BC9CEB8-8B4A-11D0-8D11-00A0C91BC942}") = "Mat_LoopPixelsPtr", "Mat_LoopPixelsPtr\Mat_LoopPixelsPtr.vcxproj", "{BEA0330D-3960-4C27-9D20-3A0D143D64A7}"
EndProject
Global
	GlobalSection(SolutionConfigurationPlatforms) = preSolution
		Debug|x64 = Debug|x64
		Debug|x86 = Debug|x86
		Release|x64 = Release|x64
		Release|x86 = Release|x86
	EndGlobalSection
	GlobalSection(ProjectConfigurationPlatforms) = postSolution
		{70B40B3F-E1DC-44D3-B7D6-F867B798E43C}.Debug|x64.ActiveCfg = Debug|x64
		{70B40B3F-E1DC-44D3-B7D6-F867B798E43C}.Debug|x64.Build.0 = Debug|x64
		{70B40B3F-E1DC-44D3-B7D6-F867B798E43C}.Debug|x86.ActiveCfg = Debug|Win32
		{70B40B3F-E1DC-44D3-B7D6-F867B798E43C}.Debug|x86.Build.0 = Debug|Win32
		{70B40B3F-E1DC-44D3-B7D6-F867B798E43C}.Release|x64.ActiveCfg = Release|x64
		{70B40B3F-E1DC-44D3-B7D6-F867B798E43C}.Release|x64.Build.0 = Release|x64
		{70B40B3F-E1DC-44D3-B7D6-F867B798E43C}.Release|x86.ActiveCfg = Release|Win32
		{70B40B3F-E1DC-44D3-B7D6-F867B798E43C}.Release|x86.Build.0 = Release|Win32
		{A8326CAB-9714-4779-8241-2F3522866CC9}.Debug|x64.ActiveCfg = Debug|x64
		{A8326CAB-9714-4779-8241-2F3522866CC9}.Debug|x64.Build.0 = Debug|x64
		{A8326CAB-9714-4779-8241-2F3522866CC9}.Debug|x86.ActiveCfg = Debug|Win32
		{A8326CAB-9714-4779-8241-2F3522866CC9}.Debug|x86.Build.0 = Debug|Win32
		{A8326CAB-9714-4779-8241-2F3522866CC9}.Release|x64.ActiveCfg = Release|x64
		{A8326CAB-9714-4779-8241-2F3522866CC9}.Release|x64.Build.0 = Release|x64
		{A8326CAB-9714-4779-8241-2F3522866CC9}.Release|x86.ActiveCfg = Release|Win32
		{A8326CAB-9714-4779-8241-2F3522866CC9}.Release|x86.Build.0 = Release|Win32
		{DE2F05A9-F7C7-4082-96CF-9BF648E9F1D7}.Debug|x64.ActiveCfg = Debug|x64
		{DE2F05A9-F7C7-4082-96CF-9BF648E9F1D7}.Debug|x64.Build.0 = Debug|x64
		{DE2F05A9-F7C7-4082-96CF-9BF648E9F1D7}.Debug|x86.ActiveCfg = Debug|Win32
		{DE2F05A9-F7C7-4082-96CF-9BF648E9F1D7}.Debug|x86.Build.0 = Debug|Win32
		{DE2F05A9-F7C7-4082-96CF-9BF648E9F1D7}.Release|x64.ActiveCfg = Release|x64
		{DE2F05A9-F7C7-4082-96CF-9BF648E9F1D7}.Release|x64.Build.0 = Release|x64
		{DE2F05A9-F7C7-4082-96CF-9BF648E9F1D7}.Release|x86.ActiveCfg = Release|Win32
		{DE2F05A9-F7C7-4082-96CF-9BF648E9F1D7}.Release|x86.Build.0 = Release|Win32
		{666FAE37-D909-4CBD-A42C-59AD17E76C08}.Debug|x64.ActiveCfg = Debug|x64
		{666FAE37-D909-4CBD-A42C-59AD17E76C08}.Debug|x64.Build.0 = Debug|x64
		{666FAE37-D909-4CBD-A42C-59AD17E76C08}.Debug|x86.ActiveCfg = Debug|Win32
		{666FAE37-D909-4CBD-A42C-59AD17E76C08}.Debug|x86.Build.0 = Debug|Win32
		{666FAE37-D909-4CBD-A42C-59AD17E76C08}.Release|x64.ActiveCfg = Release|x64
		{666FAE37-D909-4CBD-A42C-59AD17E76C08}.Release|x64.Build.0 = Release|x64
		{666FAE37-D909-4CBD-A42C-59AD17E76C08}.Release|x86.ActiveCfg = Release|Win32
		{666FAE37-D909-4CBD-A42C-59AD17E76C08}.Release|x86.Build.0 = Release|Win32
		{D1CAB9F6-1FE8-4E6A-99C9-216B3D1A44A2}.Debug|x64.ActiveCfg = Debug|x64
		{D1CAB9F6-1FE8-4E6A-99C9-216B3D1A44A2}.Debug|x64.Build.0 = Debug|x64
		{D1CAB9F6-1FE8-4E6A-99C9-216B3D1A44A2}.Debug|x86.ActiveCfg = Debug|Win32
		{D1CAB9F6-1FE8-4E6A-99C9-216B3D1A44A2}.Debug|x86.Build.0 = Debug|Win32
		{D1CAB9F6-1FE8-4E6A-99C9-216B3D1A44A2}.Release|x64.ActiveCfg = Release|x64
		{D1CAB9F6-1FE8-4E6A-99C9-216B3D1A44A2}.Release|x64.Build.0 = Release|x64
		{D1CAB9F6-1FE8-4E6A-99C9-216B3D1A44A2}.Release|x86.ActiveCfg = Release|Win32
		{D1CAB9F6-1FE8-4E6A-99C9-216B3D1A44A2}.Release|x86.Build.0 = Release|Win32
		{F0C50101-4B9A-42FE-B770-BAAB04151BED}.Debug|x64.ActiveCfg = Debug|x64
		{F0C50101-4B9A-42FE-B770-BAAB04151BED}.Debug|x64.Build.0 = Debug|x64
		{F0C50101-4B9A-42FE-B770-BAAB04151BED}.Debug|x86.ActiveCfg = Debug|Win32
		{F0C50101-4B9A-42FE-B770-BAAB04151BED}.Debug|x86.Build.0 = Debug|Win32
		{F0C50101-4B9A-42FE-B770-BAAB04151BED}.Release|x64.ActiveCfg = Release|x64
		{F0C50101-4B9A-42FE-B770-BAAB04151BED}.Release|x64.Build.0 = Release|x64
		{F0C50101-4B9A-42FE-B770-BAAB04151BED}.Release|x86.ActiveCfg = Release|Win32
		{F0C50101-4B9A-42FE-B770-BAAB04151BED}.Release|x86.Build.0 = Release|Win32
		{AA408284-F606-4417-91D6-9D7E13D88822}.Debug|x64.ActiveCfg = Debug|x64
		{AA408284-F606-4417-91D6-9D7E13D88822}.Debug|x64.Build.0 = Debug|x64
		{AA408284-F606-4417-91D6-9D7E13D88822}.Debug|x86.ActiveCfg = Debug|Win32
		{AA408284-F606-4417-91D6-9D7E13D88822}.Debug|x86.Build.0 = Debug|Win32
		{AA408284-F606-4417-91D6-9D7E13D88822}.Release|x64.ActiveCfg = Release|x64
		{AA408284-F606-4417-91D6-9D7E13D88822}.Release|x64.Build.0 = Release|x64
		{AA408284-F606-4417-91D6-9D7E13D88822}.Release|x86.ActiveCfg = Release|Win32
		{AA408284-F606-4417-91D6-9D7E13D88822}.Release|x86.Build.0 = Release|Win32
		{80340AEC-8C5D-444E-92B5-4999391F0284}.Debug|x64.ActiveCfg = Debug|x64
		{80340AEC-8C5D-444E-92B5-4999391F0284}.Debug|x64.Build.0 = Debug|x64
		{80340AEC-8C5D-444E-92B5-4999391F0284}.Debug|x86.ActiveCfg = Debug|Win32
		{80340AEC-8C5D-444E-92B5-4999391F0284}.Debug|x86.Build.0 = Debug|Win32
		{80340AEC-8C5D-444E-92B5-4999391F0284}.Release|x64.ActiveCfg = Release|x64
		{80340AEC-8C5D-444E-92B5-4999391F0284}.Release|x64.Build.0 = Release|x64
		{80340AEC-8C5D-444E-92B5-4999391F0284}.Release|x86.ActiveCfg = Release|Win32
		{80340AEC-8C5D-444E-92B5-4999391F0284}.Release|x86.Build.0 = Release|Win32
		{4F66B936-B469-4C50-8B45-8260B7279CBB}.Debug|x64.ActiveCfg = Debug|x64
		{4F66B936-B469-4C50-8B45-8260B7279CBB}.Debug|x64.Build.0 = Debug|x64
		{4F66B936-B469-4C50-8B45-8260B7279CBB}.Debug|x86.ActiveCfg = Debug|Win32
		{4F66B936-B469-4C50-8B45-8260B7279CBB}.Debug|x86.Build.0 = Debug|Win32
		{4F66B936-B469-4C50-8B45-8260B7279CBB}.Release|x64.ActiveCfg = Release|x64
		{4F66B936-B469-4C50-8B45-8260B7279CBB}.Release|x64.Build.0 = Release|x64
		{4F66B936-B469-4C50-8B45-8260B7279CBB}.Release|x86.ActiveCfg = Release|Win32
		{4F66B936-B469-4C50-8B45-8260B7279CBB}.Release|x86.Build.0 = Release|Win32
		{8B4FB77F-8B37-44F8-A24E-8BC7A034EC44}.Debug|x64.ActiveCfg = Debug|x64
		{8B4FB77F-8B37-44F8-A24E-8BC7A034EC44}.Debug|x64.Build.0 = Debug|x64
		{8B4FB77F-8B37-44F8-A24E-8BC7A034EC44}.Debug|x86.ActiveCfg = Debug|Win32
		{8B4FB77F-8B37-44F8-A24E-8BC7A034EC44}.Debug|x86.Build.0 = Debug|Win32
		{8B4FB77F-8B37-44F8-A24E-8BC7A034EC44}.Release|x64.ActiveCfg = Release|x64
		{8B4FB77F-8B37-44F8-A24E-8BC7A034EC44}.Release|x64.Build.0 = Release|x64
		{8B4FB77F-8B37-44F8-A24E-8BC7A034EC44}.Release|x86.ActiveCfg = Release|Win32
		{8B4FB77F-8B37-44F8-A24E-8BC7A034EC44}.Release|x86.Build.0 = Release|Win32
		{598779B0-5554-4747-A1DE-A3DCB6F8A793}.Debug|x64.ActiveCfg = Debug|x64
		{598779B0-5554-4747-A1DE-A3DCB6F8A793}.Debug|x64.Build.0 = Debug|x64
		{598779B0-5554-4747-A1DE-A3DCB6F8A793}.Debug|x86.ActiveCfg = Debug|Win32
		{598779B0-5554-4747-A1DE-A3DCB6F8A793}.Debug|x86.Build.0 = Debug|Win32
		{598779B0-5554-4747-A1DE-A3DCB6F8A793}.Release|x64.ActiveCfg = Release|x64
		{598779B0-5554-4747-A1DE-A3DCB6F8A793}.Release|x64.Build.0 = Release|x64
		{598779B0-5554-4747-A1DE-A3DCB6F8A793}.Release|x86.ActiveCfg = Release|Win32
		{598779B0-5554-4747-A1DE-A3DCB6F8A793}.Release|x86.Build.0 = Release|Win32
		{AD1FCB81-ED2F-4F57-BAA0-38AB46141C03}.Debug|x64.ActiveCfg = Debug|x64
		{AD1FCB81-ED2F-4F57-BAA0-38AB46141C03}.Debug|x64.Build.0 = Debug|x64
		{AD1FCB81-ED2F-4F57-BAA0-38AB46141C03}.Debug|x86.ActiveCfg = Debug|Win32
		{AD1FCB81-ED2F-4F57-BAA0-38AB46141C03}.Debug|x86.Build.0 = Debug|Win32
		{AD1FCB81-ED2F-4F57-BAA0-38AB46141C03}.Release|x64.ActiveCfg = Release|x64
		{AD1FCB81-ED2F-4F57-BAA0-38AB46141C03}.Release|x64.Build.0 = Release|x64
		{AD1FCB81-ED2F-4F57-BAA0-38AB46141C03}.Release|x86.ActiveCfg = Release|Win32
		{AD1FCB81-ED2F-4F57-BAA0-38AB46141C03}.Release|x86.Build.0 = Release|Win32
		{6B21CF8B-8A9E-4A09-A7B9-0EBDA169775D}.Debug|x64.ActiveCfg = Debug|x64
		{6B21CF8B-8A9E-4A09-A7B9-0EBDA169775D}.Debug|x64.Build.0 = Debug|x64
		{6B21CF8B-8A9E-4A09-A7B9-0EBDA169775D}.Debug|x86.ActiveCfg = Debug|Win32
		{6B21CF8B-8A9E-4A09-A7B9-0EBDA169775D}.Debug|x86.Build.0 = Debug|Win32
		{6B21CF8B-8A9E-4A09-A7B9-0EBDA169775D}.Release|x64.ActiveCfg = Release|x64
		{6B21CF8B-8A9E-4A09-A7B9-0EBDA169775D}.Release|x64.Build.0 = Release|x64
		{6B21CF8B-8A9E-4A09-A7B9-0EBDA169775D}.Release|x86.ActiveCfg = Release|Win32
		{6B21CF8B-8A9E-4A09-A7B9-0EBDA169775D}.Release|x86.Build.0 = Release|Win32
		{C9308FC0-0B7C-417B-B43A-A1D5904B9429}.Debug|x64.ActiveCfg = Debug|x64
		{C9308FC0-0B7C-417B-B43A-A1D5904B9429}.Debug|x64.Build.0 = Debug|x64
		{C9308FC0-0B7C-417B-B43A-A1D5904B9429}.Debug|x86.ActiveCfg = Debug|Win32
		{C9308FC0-0B7C-417B-B43A-A1D5904B9429}.Debug|x86.Build.0 = Debug|Win32
		{C9308FC0-0B7C-417B-B43A-A1D5904B9429}.Release|x64.ActiveCfg = Release|x64
		{C9308FC0-0B7C-417B-B43A-A1D5904B9429}.Release|x64.Build.0 = Release|x64
		{C9308FC0-0B7C-417B-B43A-A1D5904B9429}.Release|x86.ActiveCfg = Release|Win32
		{C9308FC0-0B7C-417B-B43A-A1D5904B9429}.Release|x86.Build.0 = Release|Win32
		{9FA44294-0AFB-4E9E-AC75-8D81351CDBEA}.Debug|x64.ActiveCfg = Debug|x64
		{9FA44294-0AFB-4E9E-AC75-8D81351CDBEA}.Debug|x64.Build.0 = Debug|x64
		{9FA44294-0AFB-4E9E-AC75-8D81351CDBEA}.Debug|x86.ActiveCfg = Debug|Win32
		{9FA44294-0AFB-4E9E-AC75-8D81351CDBEA}.Debug|x86.Build.0 = Debug|Win32
		{9FA44294-0AFB-4E9E-AC75-8D81351CDBEA}.Release|x64.ActiveCfg = Release|x64
		{9FA44294-0AFB-4E9E-AC75-8D81351CDBEA}.Release|x64.Build.0 = Release|x64
		{9FA44294-0AFB-4E9E-AC75-8D81351CDBEA}.Release|x86.ActiveCfg = Release|Win32
		{9FA44294-0AFB-4E9E-AC75-8D81351CDBEA}.Release|x86.Build.0 = Release|Win32
		{BEA0330D-3960-4C27-9D20-3A0D143D64A7}.Debug|x64.ActiveCfg = Debug|x64
		{BEA0330D-3960-4C27-9D20-3A0D143D64A7}.Debug|x64.Build.0 = Debug|x64
		{BEA0330D-3960-4C27-9D20-3A0D143D64A7}.Debug|x86.ActiveCfg = Debug|Win32
		{BEA0330D-3960-4C27-9D20-3A0D143D64A7}.Debug|x86.Build.0 = Debug|Win32
		{BEA0330D-3960-4C27-9D20-3A0D143D64A7}.Release|x64.ActiveCfg = Release|x64
		{BEA0330D-3960-4C27-9D20-3A0D143D64A7}.Release|x64.Build.0 = Release|x64
		{BEA0330D-3960-4C27-9D20-3A0D143D64A7}.Release|x86.ActiveCfg = Release|Win32
		{BEA0330D-3960-4C27-9D20-3A0D143D64A7}.Release|x86.Build.0 = Release|Win32
	EndGlobalSection
	GlobalSection(SolutionProperties) = preSolution
		HideSolutionNode = FALSE
	EndGlobalSection
	GlobalSection(ExtensibilityGlobals) = postSolution
		SolutionGuid = {D2C2FB85-D5B7-4E91-8645-B792D3C133A0}
	EndGlobalSection
EndGlobal
